
Microsoft Visual Studio Solution File, Format Version 12.00
# Visual Studio 15
VisualStudioVersion = 15.0.26124.0
MinimumVisualStudioVersion = 15.0.26124.0
Project("{2150E333-8FDC-42A3-9474-1A3956D46DE8}") = "src", "src", "{CE143445-2075-49E2-B46D-92D4EDDB600E}"
EndProject
Project("{FAE04EC0-301F-11D3-BF4B-00C04F79EFBC}") = "NdcBingo", "src\NdcBingo\NdcBingo.csproj", "{C8CFFFA3-B699-4189-922B-660FDCE4FB88}"
EndProject
Project("{FAE04EC0-301F-11D3-BF4B-00C04F79EFBC}") = "NdcBingo.Data", "src\NdcBingo.Data\NdcBingo.Data.csproj", "{6E9632A9-CA7C-4AF6-804A-67046B09023F}"
EndProject
Project("{FAE04EC0-301F-11D3-BF4B-00C04F79EFBC}") = "NdcBingo.Data.Migrate", "src\NdcBingo.Data.Migrate\NdcBingo.Data.Migrate.csproj", "{4172F589-AA5C-4784-A0C2-9739FD4CBB39}"
EndProject
Project("{2150E333-8FDC-42A3-9474-1A3956D46DE8}") = "test", "test", "{E3B5ECC6-545F-4147-ABE8-5BCAD5E54FA6}"
EndProject
Project("{FAE04EC0-301F-11D3-BF4B-00C04F79EFBC}") = "NdcBingo.Data.Tests", "test\NdcBingo.Data.Tests\NdcBingo.Data.Tests.csproj", "{96D84947-8E8B-4AAB-96C2-F147C961D824}"
EndProject
Project("{FAE04EC0-301F-11D3-BF4B-00C04F79EFBC}") = "NdcBingo.Game", "src\NdcBingo.Game\NdcBingo.Game.csproj", "{3BD31689-54B9-4AD4-8046-0F2783BEAEE2}"
EndProject
Project("{FAE04EC0-301F-11D3-BF4B-00C04F79EFBC}") = "NdcBingo.Game.Tests", "test\NdcBingo.Game.Tests\NdcBingo.Game.Tests.csproj", "{A982C089-8B6F-4B80-A1A6-6CC689B496DB}"
EndProject
Global
	GlobalSection(SolutionConfigurationPlatforms) = preSolution
		Debug|Any CPU = Debug|Any CPU
		Debug|x64 = Debug|x64
		Debug|x86 = Debug|x86
		Release|Any CPU = Release|Any CPU
		Release|x64 = Release|x64
		Release|x86 = Release|x86
	EndGlobalSection
	GlobalSection(SolutionProperties) = preSolution
		HideSolutionNode = FALSE
	EndGlobalSection
	GlobalSection(ProjectConfigurationPlatforms) = postSolution
		{C8CFFFA3-B699-4189-922B-660FDCE4FB88}.Debug|Any CPU.ActiveCfg = Debug|Any CPU
		{C8CFFFA3-B699-4189-922B-660FDCE4FB88}.Debug|Any CPU.Build.0 = Debug|Any CPU
		{C8CFFFA3-B699-4189-922B-660FDCE4FB88}.Debug|x64.ActiveCfg = Debug|Any CPU
		{C8CFFFA3-B699-4189-922B-660FDCE4FB88}.Debug|x64.Build.0 = Debug|Any CPU
		{C8CFFFA3-B699-4189-922B-660FDCE4FB88}.Debug|x86.ActiveCfg = Debug|Any CPU
		{C8CFFFA3-B699-4189-922B-660FDCE4FB88}.Debug|x86.Build.0 = Debug|Any CPU
		{C8CFFFA3-B699-4189-922B-660FDCE4FB88}.Release|Any CPU.ActiveCfg = Release|Any CPU
		{C8CFFFA3-B699-4189-922B-660FDCE4FB88}.Release|Any CPU.Build.0 = Release|Any CPU
		{C8CFFFA3-B699-4189-922B-660FDCE4FB88}.Release|x64.ActiveCfg = Release|Any CPU
		{C8CFFFA3-B699-4189-922B-660FDCE4FB88}.Release|x64.Build.0 = Release|Any CPU
		{C8CFFFA3-B699-4189-922B-660FDCE4FB88}.Release|x86.ActiveCfg = Release|Any CPU
		{C8CFFFA3-B699-4189-922B-660FDCE4FB88}.Release|x86.Build.0 = Release|Any CPU
		{6E9632A9-CA7C-4AF6-804A-67046B09023F}.Debug|Any CPU.ActiveCfg = Debug|Any CPU
		{6E9632A9-CA7C-4AF6-804A-67046B09023F}.Debug|Any CPU.Build.0 = Debug|Any CPU
		{6E9632A9-CA7C-4AF6-804A-67046B09023F}.Debug|x64.ActiveCfg = Debug|Any CPU
		{6E9632A9-CA7C-4AF6-804A-67046B09023F}.Debug|x64.Build.0 = Debug|Any CPU
		{6E9632A9-CA7C-4AF6-804A-67046B09023F}.Debug|x86.ActiveCfg = Debug|Any CPU
		{6E9632A9-CA7C-4AF6-804A-67046B09023F}.Debug|x86.Build.0 = Debug|Any CPU
		{6E9632A9-CA7C-4AF6-804A-67046B09023F}.Release|Any CPU.ActiveCfg = Release|Any CPU
		{6E9632A9-CA7C-4AF6-804A-67046B09023F}.Release|Any CPU.Build.0 = Release|Any CPU
		{6E9632A9-CA7C-4AF6-804A-67046B09023F}.Release|x64.ActiveCfg = Release|Any CPU
		{6E9632A9-CA7C-4AF6-804A-67046B09023F}.Release|x64.Build.0 = Release|Any CPU
		{6E9632A9-CA7C-4AF6-804A-67046B09023F}.Release|x86.ActiveCfg = Release|Any CPU
		{6E9632A9-CA7C-4AF6-804A-67046B09023F}.Release|x86.Build.0 = Release|Any CPU
		{4172F589-AA5C-4784-A0C2-9739FD4CBB39}.Debug|Any CPU.ActiveCfg = Debug|Any CPU
		{4172F589-AA5C-4784-A0C2-9739FD4CBB39}.Debug|Any CPU.Build.0 = Debug|Any CPU
		{4172F589-AA5C-4784-A0C2-9739FD4CBB39}.Debug|x64.ActiveCfg = Debug|Any CPU
		{4172F589-AA5C-4784-A0C2-9739FD4CBB39}.Debug|x64.Build.0 = Debug|Any CPU
		{4172F589-AA5C-4784-A0C2-9739FD4CBB39}.Debug|x86.ActiveCfg = Debug|Any CPU
		{4172F589-AA5C-4784-A0C2-9739FD4CBB39}.Debug|x86.Build.0 = Debug|Any CPU
		{4172F589-AA5C-4784-A0C2-9739FD4CBB39}.Release|Any CPU.ActiveCfg = Release|Any CPU
		{4172F589-AA5C-4784-A0C2-9739FD4CBB39}.Release|Any CPU.Build.0 = Release|Any CPU
		{4172F589-AA5C-4784-A0C2-9739FD4CBB39}.Release|x64.ActiveCfg = Release|Any CPU
		{4172F589-AA5C-4784-A0C2-9739FD4CBB39}.Release|x64.Build.0 = Release|Any CPU
		{4172F589-AA5C-4784-A0C2-9739FD4CBB39}.Release|x86.ActiveCfg = Release|Any CPU
		{4172F589-AA5C-4784-A0C2-9739FD4CBB39}.Release|x86.Build.0 = Release|Any CPU
		{96D84947-8E8B-4AAB-96C2-F147C961D824}.Debug|Any CPU.ActiveCfg = Debug|Any CPU
		{96D84947-8E8B-4AAB-96C2-F147C961D824}.Debug|Any CPU.Build.0 = Debug|Any CPU
		{96D84947-8E8B-4AAB-96C2-F147C961D824}.Debug|x64.ActiveCfg = Debug|Any CPU
		{96D84947-8E8B-4AAB-96C2-F147C961D824}.Debug|x64.Build.0 = Debug|Any CPU
		{96D84947-8E8B-4AAB-96C2-F147C961D824}.Debug|x86.ActiveCfg = Debug|Any CPU
		{96D84947-8E8B-4AAB-96C2-F147C961D824}.Debug|x86.Build.0 = Debug|Any CPU
		{96D84947-8E8B-4AAB-96C2-F147C961D824}.Release|Any CPU.ActiveCfg = Release|Any CPU
		{96D84947-8E8B-4AAB-96C2-F147C961D824}.Release|Any CPU.Build.0 = Release|Any CPU
		{96D84947-8E8B-4AAB-96C2-F147C961D824}.Release|x64.ActiveCfg = Release|Any CPU
		{96D84947-8E8B-4AAB-96C2-F147C961D824}.Release|x64.Build.0 = Release|Any CPU
		{96D84947-8E8B-4AAB-96C2-F147C961D824}.Release|x86.ActiveCfg = Release|Any CPU
		{96D84947-8E8B-4AAB-96C2-F147C961D824}.Release|x86.Build.0 = Release|Any CPU
		{3BD31689-54B9-4AD4-8046-0F2783BEAEE2}.Debug|Any CPU.ActiveCfg = Debug|Any CPU
		{3BD31689-54B9-4AD4-8046-0F2783BEAEE2}.Debug|Any CPU.Build.0 = Debug|Any CPU
		{3BD31689-54B9-4AD4-8046-0F2783BEAEE2}.Debug|x64.ActiveCfg = Debug|Any CPU
		{3BD31689-54B9-4AD4-8046-0F2783BEAEE2}.Debug|x64.Build.0 = Debug|Any CPU
		{3BD31689-54B9-4AD4-8046-0F2783BEAEE2}.Debug|x86.ActiveCfg = Debug|Any CPU
		{3BD31689-54B9-4AD4-8046-0F2783BEAEE2}.Debug|x86.Build.0 = Debug|Any CPU
		{3BD31689-54B9-4AD4-8046-0F2783BEAEE2}.Release|Any CPU.ActiveCfg = Release|Any CPU
		{3BD31689-54B9-4AD4-8046-0F2783BEAEE2}.Release|Any CPU.Build.0 = Release|Any CPU
		{3BD31689-54B9-4AD4-8046-0F2783BEAEE2}.Release|x64.ActiveCfg = Release|Any CPU
		{3BD31689-54B9-4AD4-8046-0F2783BEAEE2}.Release|x64.Build.0 = Release|Any CPU
		{3BD31689-54B9-4AD4-8046-0F2783BEAEE2}.Release|x86.ActiveCfg = Release|Any CPU
		{3BD31689-54B9-4AD4-8046-0F2783BEAEE2}.Release|x86.Build.0 = Release|Any CPU
		{A982C089-8B6F-4B80-A1A6-6CC689B496DB}.Debug|Any CPU.ActiveCfg = Debug|Any CPU
		{A982C089-8B6F-4B80-A1A6-6CC689B496DB}.Debug|Any CPU.Build.0 = Debug|Any CPU
		{A982C089-8B6F-4B80-A1A6-6CC689B496DB}.Debug|x64.ActiveCfg = Debug|Any CPU
		{A982C089-8B6F-4B80-A1A6-6CC689B496DB}.Debug|x64.Build.0 = Debug|Any CPU
		{A982C089-8B6F-4B80-A1A6-6CC689B496DB}.Debug|x86.ActiveCfg = Debug|Any CPU
		{A982C089-8B6F-4B80-A1A6-6CC689B496DB}.Debug|x86.Build.0 = Debug|Any CPU
		{A982C089-8B6F-4B80-A1A6-6CC689B496DB}.Release|Any CPU.ActiveCfg = Release|Any CPU
		{A982C089-8B6F-4B80-A1A6-6CC689B496DB}.Release|Any CPU.Build.0 = Release|Any CPU
		{A982C089-8B6F-4B80-A1A6-6CC689B496DB}.Release|x64.ActiveCfg = Release|Any CPU
		{A982C089-8B6F-4B80-A1A6-6CC689B496DB}.Release|x64.Build.0 = Release|Any CPU
		{A982C089-8B6F-4B80-A1A6-6CC689B496DB}.Release|x86.ActiveCfg = Release|Any CPU
		{A982C089-8B6F-4B80-A1A6-6CC689B496DB}.Release|x86.Build.0 = Release|Any CPU
	EndGlobalSection
	GlobalSection(NestedProjects) = preSolution
		{C8CFFFA3-B699-4189-922B-660FDCE4FB88} = {CE143445-2075-49E2-B46D-92D4EDDB600E}
		{6E9632A9-CA7C-4AF6-804A-67046B09023F} = {CE143445-2075-49E2-B46D-92D4EDDB600E}
		{4172F589-AA5C-4784-A0C2-9739FD4CBB39} = {CE143445-2075-49E2-B46D-92D4EDDB600E}
		{96D84947-8E8B-4AAB-96C2-F147C961D824} = {E3B5ECC6-545F-4147-ABE8-5BCAD5E54FA6}
		{3BD31689-54B9-4AD4-8046-0F2783BEAEE2} = {CE143445-2075-49E2-B46D-92D4EDDB600E}
		{A982C089-8B6F-4B80-A1A6-6CC689B496DB} = {E3B5ECC6-545F-4147-ABE8-5BCAD5E54FA6}
	EndGlobalSection
EndGlobal
